
Microsoft Visual Studio Solution File, Format Version 12.00
# Visual Studio Version 16
VisualStudioVersion = 16.0.28803.156
MinimumVisualStudioVersion = 10.0.40219.1
Project("{FAE04EC0-301F-11D3-BF4B-00C04F79EFBC}") = "Testing1", "Testing1\Testing1.csproj", "{E7DDCE3B-A510-43DF-A5A7-A4A2FEB65B2A}"
EndProject
Global
	GlobalSection(SolutionConfigurationPlatforms) = preSolution
		Debug|Any CPU = Debug|Any CPU
		Release|Any CPU = Release|Any CPU
	EndGlobalSection
	GlobalSection(ProjectConfigurationPlatforms) = postSolution
		{E7DDCE3B-A510-43DF-A5A7-A4A2FEB65B2A}.Debug|Any CPU.ActiveCfg = Debug|Any CPU
		{E7DDCE3B-A510-43DF-A5A7-A4A2FEB65B2A}.Debug|Any CPU.Build.0 = Debug|Any CPU
		{E7DDCE3B-A510-43DF-A5A7-A4A2FEB65B2A}.Release|Any CPU.ActiveCfg = Release|Any CPU
		{E7DDCE3B-A510-43DF-A5A7-A4A2FEB65B2A}.Release|Any CPU.Build.0 = Release|Any CPU
	EndGlobalSection
	GlobalSection(SolutionProperties) = preSolution
		HideSolutionNode = FALSE
	EndGlobalSection
	GlobalSection(ExtensibilityGlobals) = postSolution
		SolutionGuid = {95963537-B645-4A87-A18A-BBC2302C3BF6}
	EndGlobalSection
EndGlobal
